// !$*UTF8*$!
{
	archiveVersion = 1;
	classes = {
	};
	objectVersion = 50;
	objects = {

/* Begin PBXBuildFile section */
		A7C9D594234103AD0029C645 /* AppDelegate.swift in Sources */ = {isa = PBXBuildFile; fileRef = A7C9D593234103AD0029C645 /* AppDelegate.swift */; };
		A7C9D596234103AD0029C645 /* SceneDelegate.swift in Sources */ = {isa = PBXBuildFile; fileRef = A7C9D595234103AD0029C645 /* SceneDelegate.swift */; };
		A7C9D59B234103AD0029C645 /* Main.storyboard in Resources */ = {isa = PBXBuildFile; fileRef = A7C9D599234103AD0029C645 /* Main.storyboard */; };
		A7C9D59D234103AE0029C645 /* Assets.xcassets in Resources */ = {isa = PBXBuildFile; fileRef = A7C9D59C234103AE0029C645 /* Assets.xcassets */; };
		A7C9D5A0234103AE0029C645 /* LaunchScreen.storyboard in Resources */ = {isa = PBXBuildFile; fileRef = A7C9D59E234103AE0029C645 /* LaunchScreen.storyboard */; };
		A7C9D5C5234105630029C645 /* OrdersListViewController.swift in Sources */ = {isa = PBXBuildFile; fileRef = A7C9D5C4234105630029C645 /* OrdersListViewController.swift */; };
		A7C9D5C8234106130029C645 /* WebService.swift in Sources */ = {isa = PBXBuildFile; fileRef = A7C9D5C7234106130029C645 /* WebService.swift */; };
		A7C9D5CB2341339F0029C645 /* Order.swift in Sources */ = {isa = PBXBuildFile; fileRef = A7C9D5CA2341339F0029C645 /* Order.swift */; };
		A7C9D5CE2341499F0029C645 /* OrderViewModel.swift in Sources */ = {isa = PBXBuildFile; fileRef = A7C9D5CD2341499F0029C645 /* OrderViewModel.swift */; };
		A7C9D5D023414C100029C645 /* OrdersListViewModel.swift in Sources */ = {isa = PBXBuildFile; fileRef = A7C9D5CF23414C100029C645 /* OrdersListViewModel.swift */; };
/* End PBXBuildFile section */

/* Begin PBXFileReference section */
		A7C9D590234103AD0029C645 /* HotCoffee.app */ = {isa = PBXFileReference; explicitFileType = wrapper.application; includeInIndex = 0; path = HotCoffee.app; sourceTree = BUILT_PRODUCTS_DIR; };
		A7C9D593234103AD0029C645 /* AppDelegate.swift */ = {isa = PBXFileReference; lastKnownFileType = sourcecode.swift; path = AppDelegate.swift; sourceTree = "<group>"; };
		A7C9D595234103AD0029C645 /* SceneDelegate.swift */ = {isa = PBXFileReference; lastKnownFileType = sourcecode.swift; path = SceneDelegate.swift; sourceTree = "<group>"; };
		A7C9D59A234103AD0029C645 /* Base */ = {isa = PBXFileReference; lastKnownFileType = file.storyboard; name = Base; path = Base.lproj/Main.storyboard; sourceTree = "<group>"; };
		A7C9D59C234103AE0029C645 /* Assets.xcassets */ = {isa = PBXFileReference; lastKnownFileType = folder.assetcatalog; path = Assets.xcassets; sourceTree = "<group>"; };
		A7C9D59F234103AE0029C645 /* Base */ = {isa = PBXFileReference; lastKnownFileType = file.storyboard; name = Base; path = Base.lproj/LaunchScreen.storyboard; sourceTree = "<group>"; };
		A7C9D5A1234103AE0029C645 /* Info.plist */ = {isa = PBXFileReference; lastKnownFileType = text.plist.xml; path = Info.plist; sourceTree = "<group>"; };
		A7C9D5C4234105630029C645 /* OrdersListViewController.swift */ = {isa = PBXFileReference; lastKnownFileType = sourcecode.swift; path = OrdersListViewController.swift; sourceTree = "<group>"; };
		A7C9D5C7234106130029C645 /* WebService.swift */ = {isa = PBXFileReference; lastKnownFileType = sourcecode.swift; path = WebService.swift; sourceTree = "<group>"; };
		A7C9D5CA2341339F0029C645 /* Order.swift */ = {isa = PBXFileReference; lastKnownFileType = sourcecode.swift; path = Order.swift; sourceTree = "<group>"; };
		A7C9D5CD2341499F0029C645 /* OrderViewModel.swift */ = {isa = PBXFileReference; lastKnownFileType = sourcecode.swift; path = OrderViewModel.swift; sourceTree = "<group>"; };
		A7C9D5CF23414C100029C645 /* OrdersListViewModel.swift */ = {isa = PBXFileReference; lastKnownFileType = sourcecode.swift; path = OrdersListViewModel.swift; sourceTree = "<group>"; };
/* End PBXFileReference section */

/* Begin PBXFrameworksBuildPhase section */
		A7C9D58D234103AD0029C645 /* Frameworks */ = {
			isa = PBXFrameworksBuildPhase;
			buildActionMask = 2147483647;
			files = (
			);
			runOnlyForDeploymentPostprocessing = 0;
		};
/* End PBXFrameworksBuildPhase section */

/* Begin PBXGroup section */
		A7C9D587234103AC0029C645 = {
			isa = PBXGroup;
			children = (
				A7C9D592234103AD0029C645 /* HotCofee */,
				A7C9D591234103AD0029C645 /* Products */,
			);
			sourceTree = "<group>";
		};
		A7C9D591234103AD0029C645 /* Products */ = {
			isa = PBXGroup;
			children = (
				A7C9D590234103AD0029C645 /* HotCoffee.app */,
			);
			name = Products;
			sourceTree = "<group>";
		};
		A7C9D592234103AD0029C645 /* HotCofee */ = {
			isa = PBXGroup;
			children = (
				A7C9D5CC2341496F0029C645 /* ViewModels */,
				A7C9D5C9234133880029C645 /* Models */,
				A7C9D5C6234105F90029C645 /* Services */,
				A7C9D5C3234104DD0029C645 /* Controllers */,
				A7C9D593234103AD0029C645 /* AppDelegate.swift */,
				A7C9D595234103AD0029C645 /* SceneDelegate.swift */,
				A7C9D599234103AD0029C645 /* Main.storyboard */,
				A7C9D59C234103AE0029C645 /* Assets.xcassets */,
				A7C9D59E234103AE0029C645 /* LaunchScreen.storyboard */,
				A7C9D5A1234103AE0029C645 /* Info.plist */,
			);
			path = HotCofee;
			sourceTree = "<group>";
		};
		A7C9D5C3234104DD0029C645 /* Controllers */ = {
			isa = PBXGroup;
			children = (
				A7C9D5C4234105630029C645 /* OrdersListViewController.swift */,
			);
			path = Controllers;
			sourceTree = "<group>";
		};
		A7C9D5C6234105F90029C645 /* Services */ = {
			isa = PBXGroup;
			children = (
				A7C9D5C7234106130029C645 /* WebService.swift */,
			);
			path = Services;
			sourceTree = "<group>";
		};
		A7C9D5C9234133880029C645 /* Models */ = {
			isa = PBXGroup;
			children = (
				A7C9D5CA2341339F0029C645 /* Order.swift */,
			);
			path = Models;
			sourceTree = "<group>";
		};
		A7C9D5CC2341496F0029C645 /* ViewModels */ = {
			isa = PBXGroup;
			children = (
				A7C9D5CD2341499F0029C645 /* OrderViewModel.swift */,
				A7C9D5CF23414C100029C645 /* OrdersListViewModel.swift */,
			);
			path = ViewModels;
			sourceTree = "<group>";
		};
/* End PBXGroup section */

/* Begin PBXNativeTarget section */
		A7C9D58F234103AD0029C645 /* HotCoffee */ = {
			isa = PBXNativeTarget;
			buildConfigurationList = A7C9D5BA234103AE0029C645 /* Build configuration list for PBXNativeTarget "HotCoffee" */;
			buildPhases = (
				A7C9D58C234103AD0029C645 /* Sources */,
				A7C9D58D234103AD0029C645 /* Frameworks */,
				A7C9D58E234103AD0029C645 /* Resources */,
			);
			buildRules = (
			);
			dependencies = (
			);
			name = HotCoffee;
			productName = HotCofee;
			productReference = A7C9D590234103AD0029C645 /* HotCoffee.app */;
			productType = "com.apple.product-type.application";
		};
/* End PBXNativeTarget section */

/* Begin PBXProject section */
		A7C9D588234103AC0029C645 /* Project object */ = {
			isa = PBXProject;
			attributes = {
				LastSwiftUpdateCheck = 1100;
				LastUpgradeCheck = 1100;
				ORGANIZATIONNAME = "Mauro Romito";
				TargetAttributes = {
					A7C9D58F234103AD0029C645 = {
						CreatedOnToolsVersion = 11.0;
					};
				};
			};
			buildConfigurationList = A7C9D58B234103AC0029C645 /* Build configuration list for PBXProject "HotCoffee" */;
			compatibilityVersion = "Xcode 9.3";
			developmentRegion = en;
			hasScannedForEncodings = 0;
			knownRegions = (
				en,
				Base,
			);
			mainGroup = A7C9D587234103AC0029C645;
			productRefGroup = A7C9D591234103AD0029C645 /* Products */;
			projectDirPath = "";
			projectRoot = "";
			targets = (
				A7C9D58F234103AD0029C645 /* HotCoffee */,
			);
		};
/* End PBXProject section */

/* Begin PBXResourcesBuildPhase section */
		A7C9D58E234103AD0029C645 /* Resources */ = {
			isa = PBXResourcesBuildPhase;
			buildActionMask = 2147483647;
			files = (
				A7C9D5A0234103AE0029C645 /* LaunchScreen.storyboard in Resources */,
				A7C9D59D234103AE0029C645 /* Assets.xcassets in Resources */,
				A7C9D59B234103AD0029C645 /* Main.storyboard in Resources */,
			);
			runOnlyForDeploymentPostprocessing = 0;
		};
/* End PBXResourcesBuildPhase section */

/* Begin PBXSourcesBuildPhase section */
		A7C9D58C234103AD0029C645 /* Sources */ = {
			isa = PBXSourcesBuildPhase;
			buildActionMask = 2147483647;
			files = (
				A7C9D5CB2341339F0029C645 /* Order.swift in Sources */,
				A7C9D594234103AD0029C645 /* AppDelegate.swift in Sources */,
				A7C9D5C5234105630029C645 /* OrdersListViewController.swift in Sources */,
				A7C9D5CE2341499F0029C645 /* OrderViewModel.swift in Sources */,
				A7C9D5C8234106130029C645 /* WebService.swift in Sources */,
				A7C9D596234103AD0029C645 /* SceneDelegate.swift in Sources */,
				A7C9D5D023414C100029C645 /* OrdersListViewModel.swift in Sources */,
			);
			runOnlyForDeploymentPostprocessing = 0;
		};
/* End PBXSourcesBuildPhase section */

/* Begin PBXVariantGroup section */
		A7C9D599234103AD0029C645 /* Main.storyboard */ = {
			isa = PBXVariantGroup;
			children = (
				A7C9D59A234103AD0029C645 /* Base */,
			);
			name = Main.storyboard;
			sourceTree = "<group>";
		};
		A7C9D59E234103AE0029C645 /* LaunchScreen.storyboard */ = {
			isa = PBXVariantGroup;
			children = (
				A7C9D59F234103AE0029C645 /* Base */,
			);
			name = LaunchScreen.storyboard;
			sourceTree = "<group>";
		};
/* End PBXVariantGroup section */

/* Begin XCBuildConfiguration section */
		A7C9D5B8234103AE0029C645 /* Debug */ = {
			isa = XCBuildConfiguration;
			buildSettings = {
				ALWAYS_SEARCH_USER_PATHS = NO;
				CLANG_ANALYZER_NONNULL = YES;
				CLANG_ANALYZER_NUMBER_OBJECT_CONVERSION = YES_AGGRESSIVE;
				CLANG_CXX_LANGUAGE_STANDARD = "gnu++14";
				CLANG_CXX_LIBRARY = "libc++";
				CLANG_ENABLE_MODULES = YES;
				CLANG_ENABLE_OBJC_ARC = YES;
				CLANG_ENABLE_OBJC_WEAK = YES;
				CLANG_WARN_BLOCK_CAPTURE_AUTORELEASING = YES;
				CLANG_WARN_BOOL_CONVERSION = YES;
				CLANG_WARN_COMMA = YES;
				CLANG_WARN_CONSTANT_CONVERSION = YES;
				CLANG_WARN_DEPRECATED_OBJC_IMPLEMENTATIONS = YES;
				CLANG_WARN_DIRECT_OBJC_ISA_USAGE = YES_ERROR;
				CLANG_WARN_DOCUMENTATION_COMMENTS = YES;
				CLANG_WARN_EMPTY_BODY = YES;
				CLANG_WARN_ENUM_CONVERSION = YES;
				CLANG_WARN_INFINITE_RECURSION = YES;
				CLANG_WARN_INT_CONVERSION = YES;
				CLANG_WARN_NON_LITERAL_NULL_CONVERSION = YES;
				CLANG_WARN_OBJC_IMPLICIT_RETAIN_SELF = YES;
				CLANG_WARN_OBJC_LITERAL_CONVERSION = YES;
				CLANG_WARN_OBJC_ROOT_CLASS = YES_ERROR;
				CLANG_WARN_RANGE_LOOP_ANALYSIS = YES;
				CLANG_WARN_STRICT_PROTOTYPES = YES;
				CLANG_WARN_SUSPICIOUS_MOVE = YES;
				CLANG_WARN_UNGUARDED_AVAILABILITY = YES_AGGRESSIVE;
				CLANG_WARN_UNREACHABLE_CODE = YES;
				CLANG_WARN__DUPLICATE_METHOD_MATCH = YES;
				COPY_PHASE_STRIP = NO;
				DEBUG_INFORMATION_FORMAT = dwarf;
				ENABLE_STRICT_OBJC_MSGSEND = YES;
				ENABLE_TESTABILITY = YES;
				GCC_C_LANGUAGE_STANDARD = gnu11;
				GCC_DYNAMIC_NO_PIC = NO;
				GCC_NO_COMMON_BLOCKS = YES;
				GCC_OPTIMIZATION_LEVEL = 0;
				GCC_PREPROCESSOR_DEFINITIONS = (
					"DEBUG=1",
					"$(inherited)",
				);
				GCC_WARN_64_TO_32_BIT_CONVERSION = YES;
				GCC_WARN_ABOUT_RETURN_TYPE = YES_ERROR;
				GCC_WARN_UNDECLARED_SELECTOR = YES;
				GCC_WARN_UNINITIALIZED_AUTOS = YES_AGGRESSIVE;
				GCC_WARN_UNUSED_FUNCTION = YES;
				GCC_WARN_UNUSED_VARIABLE = YES;
				IPHONEOS_DEPLOYMENT_TARGET = 13.0;
				MTL_ENABLE_DEBUG_INFO = INCLUDE_SOURCE;
				MTL_FAST_MATH = YES;
				ONLY_ACTIVE_ARCH = YES;
				SDKROOT = iphoneos;
				SWIFT_ACTIVE_COMPILATION_CONDITIONS = DEBUG;
				SWIFT_OPTIMIZATION_LEVEL = "-Onone";
			};
			name = Debug;
		};
		A7C9D5B9234103AE0029C645 /* Release */ = {
			isa = XCBuildConfiguration;
			buildSettings = {
				ALWAYS_SEARCH_USER_PATHS = NO;
				CLANG_ANALYZER_NONNULL = YES;
				CLANG_ANALYZER_NUMBER_OBJECT_CONVERSION = YES_AGGRESSIVE;
				CLANG_CXX_LANGUAGE_STANDARD = "gnu++14";
				CLANG_CXX_LIBRARY = "libc++";
				CLANG_ENABLE_MODULES = YES;
				CLANG_ENABLE_OBJC_ARC = YES;
				CLANG_ENABLE_OBJC_WEAK = YES;
				CLANG_WARN_BLOCK_CAPTURE_AUTORELEASING = YES;
				CLANG_WARN_BOOL_CONVERSION = YES;
				CLANG_WARN_COMMA = YES;
				CLANG_WARN_CONSTANT_CONVERSION = YES;
				CLANG_WARN_DEPRECATED_OBJC_IMPLEMENTATIONS = YES;
				CLANG_WARN_DIRECT_OBJC_ISA_USAGE = YES_ERROR;
				CLANG_WARN_DOCUMENTATION_COMMENTS = YES;
				CLANG_WARN_EMPTY_BODY = YES;
				CLANG_WARN_ENUM_CONVERSION = YES;
				CLANG_WARN_INFINITE_RECURSION = YES;
				CLANG_WARN_INT_CONVERSION = YES;
				CLANG_WARN_NON_LITERAL_NULL_CONVERSION = YES;
				CLANG_WARN_OBJC_IMPLICIT_RETAIN_SELF = YES;
				CLANG_WARN_OBJC_LITERAL_CONVERSION = YES;
				CLANG_WARN_OBJC_ROOT_CLASS = YES_ERROR;
				CLANG_WARN_RANGE_LOOP_ANALYSIS = YES;
				CLANG_WARN_STRICT_PROTOTYPES = YES;
				CLANG_WARN_SUSPICIOUS_MOVE = YES;
				CLANG_WARN_UNGUARDED_AVAILABILITY = YES_AGGRESSIVE;
				CLANG_WARN_UNREACHABLE_CODE = YES;
				CLANG_WARN__DUPLICATE_METHOD_MATCH = YES;
				COPY_PHASE_STRIP = NO;
				DEBUG_INFORMATION_FORMAT = "dwarf-with-dsym";
				ENABLE_NS_ASSERTIONS = NO;
				ENABLE_STRICT_OBJC_MSGSEND = YES;
				GCC_C_LANGUAGE_STANDARD = gnu11;
				GCC_NO_COMMON_BLOCKS = YES;
				GCC_WARN_64_TO_32_BIT_CONVERSION = YES;
				GCC_WARN_ABOUT_RETURN_TYPE = YES_ERROR;
				GCC_WARN_UNDECLARED_SELECTOR = YES;
				GCC_WARN_UNINITIALIZED_AUTOS = YES_AGGRESSIVE;
				GCC_WARN_UNUSED_FUNCTION = YES;
				GCC_WARN_UNUSED_VARIABLE = YES;
				IPHONEOS_DEPLOYMENT_TARGET = 13.0;
				MTL_ENABLE_DEBUG_INFO = NO;
				MTL_FAST_MATH = YES;
				SDKROOT = iphoneos;
				SWIFT_COMPILATION_MODE = wholemodule;
				SWIFT_OPTIMIZATION_LEVEL = "-O";
				VALIDATE_PRODUCT = YES;
			};
			name = Release;
		};
		A7C9D5BB234103AE0029C645 /* Debug */ = {
			isa = XCBuildConfiguration;
			buildSettings = {
				ASSETCATALOG_COMPILER_APPICON_NAME = AppIcon;
				CODE_SIGN_STYLE = Automatic;
				DEVELOPMENT_TEAM = J3XFT964L7;
				INFOPLIST_FILE = HotCofee/Info.plist;
				LD_RUNPATH_SEARCH_PATHS = (
					"$(inherited)",
					"@executable_path/Frameworks",
				);
				PRODUCT_BUNDLE_IDENTIFIER = com.mauroromito.HotCofee;
				PRODUCT_NAME = HotCoffee;
				SWIFT_VERSION = 5.0;
				TARGETED_DEVICE_FAMILY = "1,2";
			};
			name = Debug;
		};
		A7C9D5BC234103AE0029C645 /* Release */ = {
			isa = XCBuildConfiguration;
			buildSettings = {
				ASSETCATALOG_COMPILER_APPICON_NAME = AppIcon;
				CODE_SIGN_STYLE = Automatic;
				DEVELOPMENT_TEAM = J3XFT964L7;
				INFOPLIST_FILE = HotCofee/Info.plist;
				LD_RUNPATH_SEARCH_PATHS = (
					"$(inherited)",
					"@executable_path/Frameworks",
				);
				PRODUCT_BUNDLE_IDENTIFIER = com.mauroromito.HotCofee;
				PRODUCT_NAME = HotCoffee;
				SWIFT_VERSION = 5.0;
				TARGETED_DEVICE_FAMILY = "1,2";
			};
			name = Release;
		};
/* End XCBuildConfiguration section */

/* Begin XCConfigurationList section */
		A7C9D58B234103AC0029C645 /* Build configuration list for PBXProject "HotCoffee" */ = {
			isa = XCConfigurationList;
			buildConfigurations = (
				A7C9D5B8234103AE0029C645 /* Debug */,
				A7C9D5B9234103AE0029C645 /* Release */,
			);
			defaultConfigurationIsVisible = 0;
			defaultConfigurationName = Release;
		};
		A7C9D5BA234103AE0029C645 /* Build configuration list for PBXNativeTarget "HotCoffee" */ = {
			isa = XCConfigurationList;
			buildConfigurations = (
				A7C9D5BB234103AE0029C645 /* Debug */,
				A7C9D5BC234103AE0029C645 /* Release */,
			);
			defaultConfigurationIsVisible = 0;
			defaultConfigurationName = Release;
		};
/* End XCConfigurationList section */
	};
	rootObject = A7C9D588234103AC0029C645 /* Project object */;
}
